
Microsoft Visual Studio Solution File, Format Version 12.00
# Visual Studio Version 16
VisualStudioVersion = 16.0.31702.278
MinimumVisualStudioVersion = 10.0.40219.1
Project("{FAE04EC0-301F-11D3-BF4B-00C04F79EFBC}") = "WebApplication1", "WebApplication1.csproj", "{EB2FD358-F57F-4E44-8E58-21C2960D44AD}"
EndProject
Global
	GlobalSection(SolutionConfigurationPlatforms) = preSolution
		Debug|Any CPU = Debug|Any CPU
		Release|Any CPU = Release|Any CPU
	EndGlobalSection
	GlobalSection(ProjectConfigurationPlatforms) = postSolution
		{EB2FD358-F57F-4E44-8E58-21C2960D44AD}.Debug|Any CPU.ActiveCfg = Debug|Any CPU
		{EB2FD358-F57F-4E44-8E58-21C2960D44AD}.Debug|Any CPU.Build.0 = Debug|Any CPU
		{EB2FD358-F57F-4E44-8E58-21C2960D44AD}.Release|Any CPU.ActiveCfg = Release|Any CPU
		{EB2FD358-F57F-4E44-8E58-21C2960D44AD}.Release|Any CPU.Build.0 = Release|Any CPU
	EndGlobalSection
	GlobalSection(SolutionProperties) = preSolution
		HideSolutionNode = FALSE
	EndGlobalSection
	GlobalSection(ExtensibilityGlobals) = postSolution
		SolutionGuid = {EE0392FA-1FCA-430F-9841-844E0B8999AD}
	EndGlobalSection
EndGlobal
